<?xml version="1.0" encoding="utf-8"?>
<Project ToolsVersion="4.0" xmlns="http://schemas.microsoft.com/developer/msbuild/2003">
  <ItemGroup>
    <Filter Include="Source Files">
      <UniqueIdentifier>{4FC737F1-C7A5-4376-A066-2A32D752A2FF}</UniqueIdentifier>
      <Extensions>cpp;c;cc;cxx;c++;cppm;ixx;def;odl;idl;hpj;bat;asm;asmx</Extensions>
    </Filter>
    <Filter Include="Header Files">
      <UniqueIdentifier>{93995380-89BD-4b04-88EB-625FBE52EBFB}</UniqueIdentifier>
      <Extensions>h;hh;hpp;hxx;h++;hm;inl;inc;ipp;xsd</Extensions>
    </Filter>
    <Filter Include="Resource Files">
      <UniqueIdentifier>{67DA6AB6-F800-4c08-8B7A-83BB121AAD01}</UniqueIdentifier>
      <Extensions>rc;ico;cur;bmp;dlg;rc2;rct;bin;rgs;gif;jpg;jpeg;jpe;resx;tiff;tif;png;wav;mfcribbon-ms</Extensions>
    </Filter>
    <Filter Include="Header Files\Components">
      <UniqueIdentifier>{77475796-50a8-40bd-be76-31346ce85dea}</UniqueIdentifier>
    </Filter>
    <Filter Include="Source Files\Components">
      <UniqueIdentifier>{a11a8356-b5fc-4591-a595-b6c84d0085e6}</UniqueIdentifier>
    </Filter>
    <Filter Include="Header Files\Event System">
      <UniqueIdentifier>{c59a3cd0-f460-4c7c-b5d0-cd582a7a7223}</UniqueIdentifier>
    </Filter>
    <Filter Include="Source Files\Event System">
      <UniqueIdentifier>{464df44f-3838-4f98-b78d-eb3fa8d4195a}</UniqueIdentifier>
    </Filter>
  </ItemGroup>
  <ItemGroup>
    <ClCompile Include="Main.cpp">
      <Filter>Source Files</Filter>
    </ClCompile>
    <ClCompile Include="UdpClient.cpp">
      <Filter>Source Files</Filter>
    </ClCompile>
    <ClCompile Include="OverlayWindow.cpp">
      <Filter>Source Files</Filter>
    </ClCompile>
    <ClCompile Include="GraphicsHelper.cpp">
      <Filter>Source Files</Filter>
    </ClCompile>
    <ClCompile Include="GlareComponent.cpp">
      <Filter>Source Files\Components</Filter>
    </ClCompile>
    <ClCompile Include="TransformStack.cpp">
      <Filter>Source Files</Filter>
    </ClCompile>
    <ClCompile Include="UiComponent.cpp">
      <Filter>Source Files\Components</Filter>
    </ClCompile>
    <ClCompile Include="OverlayPanel.cpp">
      <Filter>Source Files</Filter>
    </ClCompile>
    <ClCompile Include="LowLevelInputHandler.cpp">
      <Filter>Source Files\Event System</Filter>
    </ClCompile>
    <ClCompile Include="LowLevelKeyboardEvent.cpp">
      <Filter>Source Files\Event System</Filter>
    </ClCompile>
  </ItemGroup>
  <ItemGroup>
    <ClInclude Include="UdpClient.h">
      <Filter>Header Files</Filter>
    </ClInclude>
    <ClInclude Include="Protocol.h">
      <Filter>Header Files</Filter>
    </ClInclude>
    <ClInclude Include="Packets.h">
      <Filter>Header Files</Filter>
    </ClInclude>
    <ClInclude Include="VecUtils.h">
      <Filter>Header Files</Filter>
    </ClInclude>
    <ClInclude Include="OverlayWindow.h">
      <Filter>Header Files</Filter>
    </ClInclude>
    <ClInclude Include="GraphicsHelper.h">
      <Filter>Header Files</Filter>
    </ClInclude>
    <ClInclude Include="GlareComponent.h">
      <Filter>Header Files\Components</Filter>
    </ClInclude>
    <ClInclude Include="TransformStack.h">
      <Filter>Header Files</Filter>
    </ClInclude>
    <ClInclude Include="UiComponent.h">
      <Filter>Header Files\Components</Filter>
    </ClInclude>
    <ClInclude Include="OverlayPanel.h">
      <Filter>Header Files</Filter>
    </ClInclude>
    <ClInclude Include="LowLevelInputHandler.h">
      <Filter>Header Files\Event System</Filter>
    </ClInclude>
    <ClInclude Include="LowLevelEvent.h">
      <Filter>Header Files\Event System</Filter>
    </ClInclude>
    <ClInclude Include="LowLevelKeyboardEvent.h">
      <Filter>Header Files\Event System</Filter>
    </ClInclude>
  </ItemGroup>
</Project>